
Microsoft Visual Studio Solution File, Format Version 12.00
# Visual Studio Version 16
VisualStudioVersion = 16.0.29326.143
MinimumVisualStudioVersion = 10.0.40219.1
Project("{FAE04EC0-301F-11D3-BF4B-00C04F79EFBC}") = "myschool", "myschool.csproj", "{18AF309C-C612-4BF3-9861-F8D8A73DFE93}"
EndProject
Global
	GlobalSection(SolutionConfigurationPlatforms) = preSolution
		Debug|Any CPU = Debug|Any CPU
		Release|Any CPU = Release|Any CPU
	EndGlobalSection
	GlobalSection(ProjectConfigurationPlatforms) = postSolution
		{18AF309C-C612-4BF3-9861-F8D8A73DFE93}.Debug|Any CPU.ActiveCfg = Debug|Any CPU
		{18AF309C-C612-4BF3-9861-F8D8A73DFE93}.Debug|Any CPU.Build.0 = Debug|Any CPU
		{18AF309C-C612-4BF3-9861-F8D8A73DFE93}.Release|Any CPU.ActiveCfg = Release|Any CPU
		{18AF309C-C612-4BF3-9861-F8D8A73DFE93}.Release|Any CPU.Build.0 = Release|Any CPU
	EndGlobalSection
	GlobalSection(SolutionProperties) = preSolution
		HideSolutionNode = FALSE
	EndGlobalSection
	GlobalSection(ExtensibilityGlobals) = postSolution
		SolutionGuid = {1D6339D1-537B-4559-81D8-EFD4570E4717}
	EndGlobalSection
EndGlobal
